
Microsoft Visual Studio Solution File, Format Version 12.00
# Visual Studio 15
VisualStudioVersion = 15.0.27428.2037
MinimumVisualStudioVersion = 10.0.40219.1
Project("{FAE04EC0-301F-11D3-BF4B-00C04F79EFBC}") = "ResourceMonitor", "ResourceMonitor\ResourceMonitor.csproj", "{B8E36BC6-EFB5-4100-B160-BFA2602F3B22}"
EndProject
Global
	GlobalSection(SolutionConfigurationPlatforms) = preSolution
		Debug|Any CPU = Debug|Any CPU
		Release|Any CPU = Release|Any CPU
	EndGlobalSection
	GlobalSection(ProjectConfigurationPlatforms) = postSolution
		{B8E36BC6-EFB5-4100-B160-BFA2602F3B22}.Debug|Any CPU.ActiveCfg = Debug|Any CPU
		{B8E36BC6-EFB5-4100-B160-BFA2602F3B22}.Debug|Any CPU.Build.0 = Debug|Any CPU
		{B8E36BC6-EFB5-4100-B160-BFA2602F3B22}.Release|Any CPU.ActiveCfg = Release|Any CPU
		{B8E36BC6-EFB5-4100-B160-BFA2602F3B22}.Release|Any CPU.Build.0 = Release|Any CPU
	EndGlobalSection
	GlobalSection(SolutionProperties) = preSolution
		HideSolutionNode = FALSE
	EndGlobalSection
	GlobalSection(ExtensibilityGlobals) = postSolution
		SolutionGuid = {0D77E2E7-5B98-411D-8E3A-3B00BAAB71B2}
	EndGlobalSection
EndGlobal
